
Microsoft Visual Studio Solution File, Format Version 12.00
# Visual Studio Version 17
VisualStudioVersion = 17.8.34330.188
MinimumVisualStudioVersion = 10.0.40219.1
Project("{FAE04EC0-301F-11D3-BF4B-00C04F79EFBC}") = "NuGet-Depends", "NuGet-Depends\NuGet-Depends.csproj", "{766286D9-A2D6-4517-852F-A9F15A9ADDA7}"
EndProject
Global
	GlobalSection(SolutionConfigurationPlatforms) = preSolution
		Debug|Any CPU = Debug|Any CPU
		Release|Any CPU = Release|Any CPU
	EndGlobalSection
	GlobalSection(ProjectConfigurationPlatforms) = postSolution
		{766286D9-A2D6-4517-852F-A9F15A9ADDA7}.Debug|Any CPU.ActiveCfg = Debug|Any CPU
		{766286D9-A2D6-4517-852F-A9F15A9ADDA7}.Debug|Any CPU.Build.0 = Debug|Any CPU
		{766286D9-A2D6-4517-852F-A9F15A9ADDA7}.Release|Any CPU.ActiveCfg = Release|Any CPU
		{766286D9-A2D6-4517-852F-A9F15A9ADDA7}.Release|Any CPU.Build.0 = Release|Any CPU
	EndGlobalSection
	GlobalSection(SolutionProperties) = preSolution
		HideSolutionNode = FALSE
	EndGlobalSection
	GlobalSection(ExtensibilityGlobals) = postSolution
		SolutionGuid = {DF1DFBA2-F961-4BA1-953B-CE9C17382B3C}
	EndGlobalSection
EndGlobal
